// !$*UTF8*$!
{
	archiveVersion = 1;
	classes = {
	};
	objectVersion = 55;
	objects = {

/* Begin PBXBuildFile section */
		05A626D5A0873C2B86259C0C /* Pods_macro.framework in Frameworks */ = {isa = PBXBuildFile; fileRef = 9E2EEF47A9637BE2B56FCC16 /* Pods_macro.framework */; };
		5688E2832733C8460077603B /* PlantDetailViewModel.swift in Sources */ = {isa = PBXBuildFile; fileRef = 5688E2822733C8460077603B /* PlantDetailViewModel.swift */; };
		56AF839727312BE9005C2E06 /* PlantDetailPage.swift in Sources */ = {isa = PBXBuildFile; fileRef = 56AF839627312BE9005C2E06 /* PlantDetailPage.swift */; };
		8427D9BB273E718200984909 /* CardViewIpad.swift in Sources */ = {isa = PBXBuildFile; fileRef = 8427D9BA273E718200984909 /* CardViewIpad.swift */; };
		8427D9BD273E723B00984909 /* GridViewIpad.swift in Sources */ = {isa = PBXBuildFile; fileRef = 8427D9BC273E723B00984909 /* GridViewIpad.swift */; };
		8427D9BF273E724E00984909 /* ChoosePlantIpad.swift in Sources */ = {isa = PBXBuildFile; fileRef = 8427D9BE273E724E00984909 /* ChoosePlantIpad.swift */; };
		84816DAC272FD09800323D13 /* CardView.swift in Sources */ = {isa = PBXBuildFile; fileRef = 84816DAB272FD09800323D13 /* CardView.swift */; };
		84816DAE272FDB9400323D13 /* Warna.swift in Sources */ = {isa = PBXBuildFile; fileRef = 84816DAD272FDB9400323D13 /* Warna.swift */; };
		84CBFD5227281D7900448758 /* CardViewReusable.swift in Sources */ = {isa = PBXBuildFile; fileRef = 84CBFD5127281D7900448758 /* CardViewReusable.swift */; };
		84CBFD542729302000448758 /* ListDetailTanaman.swift in Sources */ = {isa = PBXBuildFile; fileRef = 84CBFD532729302000448758 /* ListDetailTanaman.swift */; };
		84CBFD5C2729481400448758 /* ChoosePlantPage.swift in Sources */ = {isa = PBXBuildFile; fileRef = 84CBFD5B2729481400448758 /* ChoosePlantPage.swift */; };
		84CBFD5E272948B100448758 /* ChoosePlantViewModel.swift in Sources */ = {isa = PBXBuildFile; fileRef = 84CBFD5D272948B100448758 /* ChoosePlantViewModel.swift */; };
		B88E47DE272FE12300BDE109 /* CardDevice.swift in Sources */ = {isa = PBXBuildFile; fileRef = B88E47DD272FE12300BDE109 /* CardDevice.swift */; };
		B88E47E0272FE12800BDE109 /* CircularProgressBar.swift in Sources */ = {isa = PBXBuildFile; fileRef = B88E47DF272FE12800BDE109 /* CircularProgressBar.swift */; };
		B88E47E2272FE13D00BDE109 /* DeviceDetailPage.swift in Sources */ = {isa = PBXBuildFile; fileRef = B88E47E1272FE13D00BDE109 /* DeviceDetailPage.swift */; };
		B88E47E4272FE14B00BDE109 /* MainPage.swift in Sources */ = {isa = PBXBuildFile; fileRef = B88E47E3272FE14B00BDE109 /* MainPage.swift */; };
		B88E47E6272FE14E00BDE109 /* SetupDevice.swift in Sources */ = {isa = PBXBuildFile; fileRef = B88E47E5272FE14E00BDE109 /* SetupDevice.swift */; };
		B88E47F2272FE6F900BDE109 /* Lato-Light.ttf in Resources */ = {isa = PBXBuildFile; fileRef = B88E47E8272FE6F900BDE109 /* Lato-Light.ttf */; };
		B88E47F3272FE6F900BDE109 /* Lato-BoldItalic.ttf in Resources */ = {isa = PBXBuildFile; fileRef = B88E47E9272FE6F900BDE109 /* Lato-BoldItalic.ttf */; };
		B88E47F4272FE6F900BDE109 /* Lato-Black.ttf in Resources */ = {isa = PBXBuildFile; fileRef = B88E47EA272FE6F900BDE109 /* Lato-Black.ttf */; };
		B88E47F5272FE6F900BDE109 /* Lato-BlackItalic.ttf in Resources */ = {isa = PBXBuildFile; fileRef = B88E47EB272FE6F900BDE109 /* Lato-BlackItalic.ttf */; };
		B88E47F6272FE6F900BDE109 /* Lato-Bold.ttf in Resources */ = {isa = PBXBuildFile; fileRef = B88E47EC272FE6F900BDE109 /* Lato-Bold.ttf */; };
		B88E47F7272FE6F900BDE109 /* Lato-Thin.ttf in Resources */ = {isa = PBXBuildFile; fileRef = B88E47ED272FE6F900BDE109 /* Lato-Thin.ttf */; };
		B88E47F8272FE6F900BDE109 /* Lato-Italic.ttf in Resources */ = {isa = PBXBuildFile; fileRef = B88E47EE272FE6F900BDE109 /* Lato-Italic.ttf */; };
		B88E47F9272FE6F900BDE109 /* Lato-ThinItalic.ttf in Resources */ = {isa = PBXBuildFile; fileRef = B88E47EF272FE6F900BDE109 /* Lato-ThinItalic.ttf */; };
		B88E47FA272FE6F900BDE109 /* Lato-LightItalic.ttf in Resources */ = {isa = PBXBuildFile; fileRef = B88E47F0272FE6F900BDE109 /* Lato-LightItalic.ttf */; };
		B88E47FB272FE6F900BDE109 /* Lato-Regular.ttf in Resources */ = {isa = PBXBuildFile; fileRef = B88E47F1272FE6F900BDE109 /* Lato-Regular.ttf */; };
		B88E47FE273123E000BDE109 /* DeviceDetailModal.swift in Sources */ = {isa = PBXBuildFile; fileRef = B88E47FD273123E000BDE109 /* DeviceDetailModal.swift */; };
		B88E48042733D2CC00BDE109 /* customSearchBar.swift in Sources */ = {isa = PBXBuildFile; fileRef = B88E48032733D2CC00BDE109 /* customSearchBar.swift */; };
		B8BC163B2726CA0200F5538E /* macroApp.swift in Sources */ = {isa = PBXBuildFile; fileRef = B8BC163A2726CA0200F5538E /* macroApp.swift */; };
		B8BC163F2726CA0300F5538E /* Assets.xcassets in Resources */ = {isa = PBXBuildFile; fileRef = B8BC163E2726CA0300F5538E /* Assets.xcassets */; };
		B8BC16422726CA0300F5538E /* Preview Assets.xcassets in Resources */ = {isa = PBXBuildFile; fileRef = B8BC16412726CA0300F5538E /* Preview Assets.xcassets */; };
		B8BC16442726CA0300F5538E /* Persistence.swift in Sources */ = {isa = PBXBuildFile; fileRef = B8BC16432726CA0300F5538E /* Persistence.swift */; };
		B8BC16472726CA0300F5538E /* macro.xcdatamodeld in Sources */ = {isa = PBXBuildFile; fileRef = B8BC16452726CA0300F5538E /* macro.xcdatamodeld */; };
		B8E044A9273916B900BD8841 /* StringConvert.swift in Sources */ = {isa = PBXBuildFile; fileRef = B8E044A8273916B900BD8841 /* StringConvert.swift */; };
		B8E044AB27391A9700BD8841 /* GoogleService-Info.plist in Resources */ = {isa = PBXBuildFile; fileRef = B8E044AA27391A9700BD8841 /* GoogleService-Info.plist */; };
		BF599601272AAA2500429D5D /* DeviceSettings.swift in Sources */ = {isa = PBXBuildFile; fileRef = BF599600272AAA2500429D5D /* DeviceSettings.swift */; };
/* End PBXBuildFile section */

/* Begin PBXFileReference section */
		5688E2822733C8460077603B /* PlantDetailViewModel.swift */ = {isa = PBXFileReference; lastKnownFileType = sourcecode.swift; path = PlantDetailViewModel.swift; sourceTree = "<group>"; };
		56AF839627312BE9005C2E06 /* PlantDetailPage.swift */ = {isa = PBXFileReference; lastKnownFileType = sourcecode.swift; path = PlantDetailPage.swift; sourceTree = "<group>"; };
		7608FF8B7C7CA4A8FCB59806 /* Pods-macro.debug.xcconfig */ = {isa = PBXFileReference; includeInIndex = 1; lastKnownFileType = text.xcconfig; name = "Pods-macro.debug.xcconfig"; path = "Target Support Files/Pods-macro/Pods-macro.debug.xcconfig"; sourceTree = "<group>"; };
		8427D9BA273E718200984909 /* CardViewIpad.swift */ = {isa = PBXFileReference; lastKnownFileType = sourcecode.swift; path = CardViewIpad.swift; sourceTree = "<group>"; };
		8427D9BC273E723B00984909 /* GridViewIpad.swift */ = {isa = PBXFileReference; lastKnownFileType = sourcecode.swift; path = GridViewIpad.swift; sourceTree = "<group>"; };
		8427D9BE273E724E00984909 /* ChoosePlantIpad.swift */ = {isa = PBXFileReference; lastKnownFileType = sourcecode.swift; path = ChoosePlantIpad.swift; sourceTree = "<group>"; };
		84816DAB272FD09800323D13 /* CardView.swift */ = {isa = PBXFileReference; lastKnownFileType = sourcecode.swift; path = CardView.swift; sourceTree = "<group>"; };
		84816DAD272FDB9400323D13 /* Warna.swift */ = {isa = PBXFileReference; lastKnownFileType = sourcecode.swift; path = Warna.swift; sourceTree = "<group>"; };
		84CBFD5127281D7900448758 /* CardViewReusable.swift */ = {isa = PBXFileReference; lastKnownFileType = sourcecode.swift; path = CardViewReusable.swift; sourceTree = "<group>"; };
		84CBFD532729302000448758 /* ListDetailTanaman.swift */ = {isa = PBXFileReference; lastKnownFileType = sourcecode.swift; path = ListDetailTanaman.swift; sourceTree = "<group>"; };
		84CBFD5B2729481400448758 /* ChoosePlantPage.swift */ = {isa = PBXFileReference; lastKnownFileType = sourcecode.swift; path = ChoosePlantPage.swift; sourceTree = "<group>"; };
		84CBFD5D272948B100448758 /* ChoosePlantViewModel.swift */ = {isa = PBXFileReference; lastKnownFileType = sourcecode.swift; path = ChoosePlantViewModel.swift; sourceTree = "<group>"; };
		9E2EEF47A9637BE2B56FCC16 /* Pods_macro.framework */ = {isa = PBXFileReference; explicitFileType = wrapper.framework; includeInIndex = 0; path = Pods_macro.framework; sourceTree = BUILT_PRODUCTS_DIR; };
		B88E47DD272FE12300BDE109 /* CardDevice.swift */ = {isa = PBXFileReference; fileEncoding = 4; lastKnownFileType = sourcecode.swift; path = CardDevice.swift; sourceTree = "<group>"; };
		B88E47DF272FE12800BDE109 /* CircularProgressBar.swift */ = {isa = PBXFileReference; fileEncoding = 4; lastKnownFileType = sourcecode.swift; path = CircularProgressBar.swift; sourceTree = "<group>"; };
		B88E47E1272FE13D00BDE109 /* DeviceDetailPage.swift */ = {isa = PBXFileReference; fileEncoding = 4; lastKnownFileType = sourcecode.swift; path = DeviceDetailPage.swift; sourceTree = "<group>"; };
		B88E47E3272FE14B00BDE109 /* MainPage.swift */ = {isa = PBXFileReference; fileEncoding = 4; lastKnownFileType = sourcecode.swift; path = MainPage.swift; sourceTree = "<group>"; };
		B88E47E5272FE14E00BDE109 /* SetupDevice.swift */ = {isa = PBXFileReference; fileEncoding = 4; lastKnownFileType = sourcecode.swift; path = SetupDevice.swift; sourceTree = "<group>"; };
		B88E47E8272FE6F900BDE109 /* Lato-Light.ttf */ = {isa = PBXFileReference; lastKnownFileType = file; path = "Lato-Light.ttf"; sourceTree = "<group>"; };
		B88E47E9272FE6F900BDE109 /* Lato-BoldItalic.ttf */ = {isa = PBXFileReference; lastKnownFileType = file; path = "Lato-BoldItalic.ttf"; sourceTree = "<group>"; };
		B88E47EA272FE6F900BDE109 /* Lato-Black.ttf */ = {isa = PBXFileReference; lastKnownFileType = file; path = "Lato-Black.ttf"; sourceTree = "<group>"; };
		B88E47EB272FE6F900BDE109 /* Lato-BlackItalic.ttf */ = {isa = PBXFileReference; lastKnownFileType = file; path = "Lato-BlackItalic.ttf"; sourceTree = "<group>"; };
		B88E47EC272FE6F900BDE109 /* Lato-Bold.ttf */ = {isa = PBXFileReference; lastKnownFileType = file; path = "Lato-Bold.ttf"; sourceTree = "<group>"; };
		B88E47ED272FE6F900BDE109 /* Lato-Thin.ttf */ = {isa = PBXFileReference; lastKnownFileType = file; path = "Lato-Thin.ttf"; sourceTree = "<group>"; };
		B88E47EE272FE6F900BDE109 /* Lato-Italic.ttf */ = {isa = PBXFileReference; lastKnownFileType = file; path = "Lato-Italic.ttf"; sourceTree = "<group>"; };
		B88E47EF272FE6F900BDE109 /* Lato-ThinItalic.ttf */ = {isa = PBXFileReference; lastKnownFileType = file; path = "Lato-ThinItalic.ttf"; sourceTree = "<group>"; };
		B88E47F0272FE6F900BDE109 /* Lato-LightItalic.ttf */ = {isa = PBXFileReference; lastKnownFileType = file; path = "Lato-LightItalic.ttf"; sourceTree = "<group>"; };
		B88E47F1272FE6F900BDE109 /* Lato-Regular.ttf */ = {isa = PBXFileReference; lastKnownFileType = file; path = "Lato-Regular.ttf"; sourceTree = "<group>"; };
		B88E47FC272FE79300BDE109 /* Info.plist */ = {isa = PBXFileReference; lastKnownFileType = text.plist; path = Info.plist; sourceTree = "<group>"; };
		B88E47FD273123E000BDE109 /* DeviceDetailModal.swift */ = {isa = PBXFileReference; lastKnownFileType = sourcecode.swift; path = DeviceDetailModal.swift; sourceTree = "<group>"; };
		B88E48032733D2CC00BDE109 /* customSearchBar.swift */ = {isa = PBXFileReference; lastKnownFileType = sourcecode.swift; path = customSearchBar.swift; sourceTree = "<group>"; };
		B8BC16372726CA0200F5538E /* macro.app */ = {isa = PBXFileReference; explicitFileType = wrapper.application; includeInIndex = 0; path = macro.app; sourceTree = BUILT_PRODUCTS_DIR; };
		B8BC163A2726CA0200F5538E /* macroApp.swift */ = {isa = PBXFileReference; lastKnownFileType = sourcecode.swift; path = macroApp.swift; sourceTree = "<group>"; };
		B8BC163E2726CA0300F5538E /* Assets.xcassets */ = {isa = PBXFileReference; lastKnownFileType = folder.assetcatalog; path = Assets.xcassets; sourceTree = "<group>"; };
		B8BC16412726CA0300F5538E /* Preview Assets.xcassets */ = {isa = PBXFileReference; lastKnownFileType = folder.assetcatalog; path = "Preview Assets.xcassets"; sourceTree = "<group>"; };
		B8BC16432726CA0300F5538E /* Persistence.swift */ = {isa = PBXFileReference; lastKnownFileType = sourcecode.swift; path = Persistence.swift; sourceTree = "<group>"; };
		B8BC16462726CA0300F5538E /* macro.xcdatamodel */ = {isa = PBXFileReference; lastKnownFileType = wrapper.xcdatamodel; path = macro.xcdatamodel; sourceTree = "<group>"; };
		B8E044A8273916B900BD8841 /* StringConvert.swift */ = {isa = PBXFileReference; lastKnownFileType = sourcecode.swift; name = StringConvert.swift; path = macro/View/Reusable/StringConvert.swift; sourceTree = SOURCE_ROOT; };
		B8E044AA27391A9700BD8841 /* GoogleService-Info.plist */ = {isa = PBXFileReference; fileEncoding = 4; lastKnownFileType = text.plist.xml; path = "GoogleService-Info.plist"; sourceTree = "<group>"; };
		BF599600272AAA2500429D5D /* DeviceSettings.swift */ = {isa = PBXFileReference; lastKnownFileType = sourcecode.swift; path = DeviceSettings.swift; sourceTree = "<group>"; };
		F54A49890DBB313CD2872325 /* Pods-macro.release.xcconfig */ = {isa = PBXFileReference; includeInIndex = 1; lastKnownFileType = text.xcconfig; name = "Pods-macro.release.xcconfig"; path = "Target Support Files/Pods-macro/Pods-macro.release.xcconfig"; sourceTree = "<group>"; };
/* End PBXFileReference section */

/* Begin PBXFrameworksBuildPhase section */
		B8BC16342726CA0200F5538E /* Frameworks */ = {
			isa = PBXFrameworksBuildPhase;
			buildActionMask = 2147483647;
			files = (
				05A626D5A0873C2B86259C0C /* Pods_macro.framework in Frameworks */,
			);
			runOnlyForDeploymentPostprocessing = 0;
		};
/* End PBXFrameworksBuildPhase section */

/* Begin PBXGroup section */
		7F31811F2F784A17A9C1B67B /* Pods */ = {
			isa = PBXGroup;
			children = (
				7608FF8B7C7CA4A8FCB59806 /* Pods-macro.debug.xcconfig */,
				F54A49890DBB313CD2872325 /* Pods-macro.release.xcconfig */,
			);
			path = Pods;
			sourceTree = "<group>";
		};
		8427D9B8273E702E00984909 /* Reusable */ = {
			isa = PBXGroup;
			children = (
				8427D9BA273E718200984909 /* CardViewIpad.swift */,
				8427D9BC273E723B00984909 /* GridViewIpad.swift */,
			);
			path = Reusable;
			sourceTree = "<group>";
		};
		84CBFD552729475000448758 /* View */ = {
			isa = PBXGroup;
			children = (
				B80A9923273A68C400F2ED45 /* Wide-View */,
				B80A9921273A68A800F2ED45 /* Normal-View */,
				84CBFD5A2729478400448758 /* Reusable */,
			);
			path = View;
			sourceTree = "<group>";
		};
		84CBFD562729475800448758 /* View Model */ = {
			isa = PBXGroup;
			children = (
				84CBFD5D272948B100448758 /* ChoosePlantViewModel.swift */,
				5688E2822733C8460077603B /* PlantDetailViewModel.swift */,
			);
			path = "View Model";
			sourceTree = "<group>";
		};
		84CBFD572729476200448758 /* Model */ = {
			isa = PBXGroup;
			children = (
				84CBFD532729302000448758 /* ListDetailTanaman.swift */,
				B88E47FD273123E000BDE109 /* DeviceDetailModal.swift */,
			);
			path = Model;
			sourceTree = "<group>";
		};
		84CBFD582729476800448758 /* Helper */ = {
			isa = PBXGroup;
			children = (
				B8E044A8273916B900BD8841 /* StringConvert.swift */,
			);
			path = Helper;
			sourceTree = "<group>";
		};
		84CBFD592729476F00448758 /* Constant */ = {
			isa = PBXGroup;
			children = (
				B88E47E7272FE69800BDE109 /* Font */,
				84816DAD272FDB9400323D13 /* Warna.swift */,
			);
			path = Constant;
			sourceTree = "<group>";
		};
		84CBFD5A2729478400448758 /* Reusable */ = {
			isa = PBXGroup;
			children = (
				84CBFD5127281D7900448758 /* CardViewReusable.swift */,
				B88E47DF272FE12800BDE109 /* CircularProgressBar.swift */,
				B88E47DD272FE12300BDE109 /* CardDevice.swift */,
				84816DAB272FD09800323D13 /* CardView.swift */,
				B88E48032733D2CC00BDE109 /* customSearchBar.swift */,
			);
			path = Reusable;
			sourceTree = "<group>";
		};
		B80A9921273A68A800F2ED45 /* Normal-View */ = {
			isa = PBXGroup;
			children = (
				56AF839627312BE9005C2E06 /* PlantDetailPage.swift */,
				BF599600272AAA2500429D5D /* DeviceSettings.swift */,
				B88E47E3272FE14B00BDE109 /* MainPage.swift */,
				B88E47E1272FE13D00BDE109 /* DeviceDetailPage.swift */,
				B88E47E5272FE14E00BDE109 /* SetupDevice.swift */,
				84CBFD5B2729481400448758 /* ChoosePlantPage.swift */,
			);
			path = "Normal-View";
			sourceTree = "<group>";
		};
		B80A9923273A68C400F2ED45 /* Wide-View */ = {
			isa = PBXGroup;
			children = (
				8427D9BE273E724E00984909 /* ChoosePlantIpad.swift */,
				8427D9B8273E702E00984909 /* Reusable */,
			);
			path = "Wide-View";
			sourceTree = "<group>";
		};
		B88E47E7272FE69800BDE109 /* Font */ = {
			isa = PBXGroup;
			children = (
				B88E47EA272FE6F900BDE109 /* Lato-Black.ttf */,
				B88E47EB272FE6F900BDE109 /* Lato-BlackItalic.ttf */,
				B88E47EC272FE6F900BDE109 /* Lato-Bold.ttf */,
				B88E47E9272FE6F900BDE109 /* Lato-BoldItalic.ttf */,
				B88E47EE272FE6F900BDE109 /* Lato-Italic.ttf */,
				B88E47E8272FE6F900BDE109 /* Lato-Light.ttf */,
				B88E47F0272FE6F900BDE109 /* Lato-LightItalic.ttf */,
				B88E47F1272FE6F900BDE109 /* Lato-Regular.ttf */,
				B88E47ED272FE6F900BDE109 /* Lato-Thin.ttf */,
				B88E47EF272FE6F900BDE109 /* Lato-ThinItalic.ttf */,
			);
			path = Font;
			sourceTree = "<group>";
		};
		B8BC162E2726CA0200F5538E = {
			isa = PBXGroup;
			children = (
				B8BC16392726CA0200F5538E /* macro */,
				B8BC16382726CA0200F5538E /* Products */,
				7F31811F2F784A17A9C1B67B /* Pods */,
				F2C5917E71E201F5E9B26482 /* Frameworks */,
			);
			sourceTree = "<group>";
		};
		B8BC16382726CA0200F5538E /* Products */ = {
			isa = PBXGroup;
			children = (
				B8BC16372726CA0200F5538E /* macro.app */,
			);
			name = Products;
			sourceTree = "<group>";
		};
		B8BC16392726CA0200F5538E /* macro */ = {
			isa = PBXGroup;
			children = (
				B88E47FC272FE79300BDE109 /* Info.plist */,
				B8E044AA27391A9700BD8841 /* GoogleService-Info.plist */,
				84CBFD592729476F00448758 /* Constant */,
				84CBFD582729476800448758 /* Helper */,
				84CBFD572729476200448758 /* Model */,
				84CBFD562729475800448758 /* View Model */,
				84CBFD552729475000448758 /* View */,
				B8BC163A2726CA0200F5538E /* macroApp.swift */,
				B8BC163E2726CA0300F5538E /* Assets.xcassets */,
				B8BC16432726CA0300F5538E /* Persistence.swift */,
				B8BC16452726CA0300F5538E /* macro.xcdatamodeld */,
				B8BC16402726CA0300F5538E /* Preview Content */,
			);
			path = macro;
			sourceTree = "<group>";
		};
		B8BC16402726CA0300F5538E /* Preview Content */ = {
			isa = PBXGroup;
			children = (
				B8BC16412726CA0300F5538E /* Preview Assets.xcassets */,
			);
			path = "Preview Content";
			sourceTree = "<group>";
		};
		F2C5917E71E201F5E9B26482 /* Frameworks */ = {
			isa = PBXGroup;
			children = (
				9E2EEF47A9637BE2B56FCC16 /* Pods_macro.framework */,
			);
			name = Frameworks;
			sourceTree = "<group>";
		};
/* End PBXGroup section */

/* Begin PBXNativeTarget section */
		B8BC16362726CA0200F5538E /* macro */ = {
			isa = PBXNativeTarget;
			buildConfigurationList = B8BC164A2726CA0300F5538E /* Build configuration list for PBXNativeTarget "macro" */;
			buildPhases = (
				AEEB1885A573C5F8BADC132A /* [CP] Check Pods Manifest.lock */,
				B8BC16332726CA0200F5538E /* Sources */,
				B8BC16342726CA0200F5538E /* Frameworks */,
				B8BC16352726CA0200F5538E /* Resources */,
				BA737946909371F7D3FD9A69 /* [CP] Embed Pods Frameworks */,
			);
			buildRules = (
			);
			dependencies = (
			);
			name = macro;
			productName = macro;
			productReference = B8BC16372726CA0200F5538E /* macro.app */;
			productType = "com.apple.product-type.application";
		};
/* End PBXNativeTarget section */

/* Begin PBXProject section */
		B8BC162F2726CA0200F5538E /* Project object */ = {
			isa = PBXProject;
			attributes = {
				BuildIndependentTargetsInParallel = 1;
				LastSwiftUpdateCheck = 1300;
				LastUpgradeCheck = 1300;
				TargetAttributes = {
					B8BC16362726CA0200F5538E = {
						CreatedOnToolsVersion = 13.0;
					};
				};
			};
			buildConfigurationList = B8BC16322726CA0200F5538E /* Build configuration list for PBXProject "macro" */;
			compatibilityVersion = "Xcode 13.0";
			developmentRegion = en;
			hasScannedForEncodings = 0;
			knownRegions = (
				en,
				Base,
			);
			mainGroup = B8BC162E2726CA0200F5538E;
			productRefGroup = B8BC16382726CA0200F5538E /* Products */;
			projectDirPath = "";
			projectRoot = "";
			targets = (
				B8BC16362726CA0200F5538E /* macro */,
			);
		};
/* End PBXProject section */

/* Begin PBXResourcesBuildPhase section */
		B8BC16352726CA0200F5538E /* Resources */ = {
			isa = PBXResourcesBuildPhase;
			buildActionMask = 2147483647;
			files = (
				B88E47FA272FE6F900BDE109 /* Lato-LightItalic.ttf in Resources */,
				B88E47F6272FE6F900BDE109 /* Lato-Bold.ttf in Resources */,
				B88E47F7272FE6F900BDE109 /* Lato-Thin.ttf in Resources */,
				B88E47F2272FE6F900BDE109 /* Lato-Light.ttf in Resources */,
				B8BC16422726CA0300F5538E /* Preview Assets.xcassets in Resources */,
				B8E044AB27391A9700BD8841 /* GoogleService-Info.plist in Resources */,
				B88E47F5272FE6F900BDE109 /* Lato-BlackItalic.ttf in Resources */,
				B8BC163F2726CA0300F5538E /* Assets.xcassets in Resources */,
				B88E47FB272FE6F900BDE109 /* Lato-Regular.ttf in Resources */,
				B88E47F4272FE6F900BDE109 /* Lato-Black.ttf in Resources */,
				B88E47F9272FE6F900BDE109 /* Lato-ThinItalic.ttf in Resources */,
				B88E47F8272FE6F900BDE109 /* Lato-Italic.ttf in Resources */,
				B88E47F3272FE6F900BDE109 /* Lato-BoldItalic.ttf in Resources */,
			);
			runOnlyForDeploymentPostprocessing = 0;
		};
/* End PBXResourcesBuildPhase section */

/* Begin PBXShellScriptBuildPhase section */
		AEEB1885A573C5F8BADC132A /* [CP] Check Pods Manifest.lock */ = {
			isa = PBXShellScriptBuildPhase;
			buildActionMask = 2147483647;
			files = (
			);
			inputFileListPaths = (
			);
			inputPaths = (
				"${PODS_PODFILE_DIR_PATH}/Podfile.lock",
				"${PODS_ROOT}/Manifest.lock",
			);
			name = "[CP] Check Pods Manifest.lock";
			outputFileListPaths = (
			);
			outputPaths = (
				"$(DERIVED_FILE_DIR)/Pods-macro-checkManifestLockResult.txt",
			);
			runOnlyForDeploymentPostprocessing = 0;
			shellPath = /bin/sh;
			shellScript = "diff \"${PODS_PODFILE_DIR_PATH}/Podfile.lock\" \"${PODS_ROOT}/Manifest.lock\" > /dev/null\nif [ $? != 0 ] ; then\n    # print error to STDERR\n    echo \"error: The sandbox is not in sync with the Podfile.lock. Run 'pod install' or update your CocoaPods installation.\" >&2\n    exit 1\nfi\n# This output is used by Xcode 'outputs' to avoid re-running this script phase.\necho \"SUCCESS\" > \"${SCRIPT_OUTPUT_FILE_0}\"\n";
			showEnvVarsInLog = 0;
		};
		BA737946909371F7D3FD9A69 /* [CP] Embed Pods Frameworks */ = {
			isa = PBXShellScriptBuildPhase;
			buildActionMask = 2147483647;
			files = (
			);
			inputFileListPaths = (
				"${PODS_ROOT}/Target Support Files/Pods-macro/Pods-macro-frameworks-${CONFIGURATION}-input-files.xcfilelist",
			);
			name = "[CP] Embed Pods Frameworks";
			outputFileListPaths = (
				"${PODS_ROOT}/Target Support Files/Pods-macro/Pods-macro-frameworks-${CONFIGURATION}-output-files.xcfilelist",
			);
			runOnlyForDeploymentPostprocessing = 0;
			shellPath = /bin/sh;
			shellScript = "\"${PODS_ROOT}/Target Support Files/Pods-macro/Pods-macro-frameworks.sh\"\n";
			showEnvVarsInLog = 0;
		};
/* End PBXShellScriptBuildPhase section */

/* Begin PBXSourcesBuildPhase section */
		B8BC16332726CA0200F5538E /* Sources */ = {
			isa = PBXSourcesBuildPhase;
			buildActionMask = 2147483647;
			files = (
				84CBFD5227281D7900448758 /* CardViewReusable.swift in Sources */,
				8427D9BF273E724E00984909 /* ChoosePlantIpad.swift in Sources */,
				8427D9BB273E718200984909 /* CardViewIpad.swift in Sources */,
				5688E2832733C8460077603B /* PlantDetailViewModel.swift in Sources */,
				84816DAE272FDB9400323D13 /* Warna.swift in Sources */,
				B8E044A9273916B900BD8841 /* StringConvert.swift in Sources */,
				84816DAC272FD09800323D13 /* CardView.swift in Sources */,
				B88E47E2272FE13D00BDE109 /* DeviceDetailPage.swift in Sources */,
				84CBFD5E272948B100448758 /* ChoosePlantViewModel.swift in Sources */,
				B88E47E4272FE14B00BDE109 /* MainPage.swift in Sources */,
				84CBFD542729302000448758 /* ListDetailTanaman.swift in Sources */,
				8427D9BD273E723B00984909 /* GridViewIpad.swift in Sources */,
				B8BC16472726CA0300F5538E /* macro.xcdatamodeld in Sources */,
				B8BC16442726CA0300F5538E /* Persistence.swift in Sources */,
				B8BC163B2726CA0200F5538E /* macroApp.swift in Sources */,
				56AF839727312BE9005C2E06 /* PlantDetailPage.swift in Sources */,
				B88E47DE272FE12300BDE109 /* CardDevice.swift in Sources */,
				BF599601272AAA2500429D5D /* DeviceSettings.swift in Sources */,
				B88E47FE273123E000BDE109 /* DeviceDetailModal.swift in Sources */,
				B88E47E6272FE14E00BDE109 /* SetupDevice.swift in Sources */,
				B88E48042733D2CC00BDE109 /* customSearchBar.swift in Sources */,
				84CBFD5C2729481400448758 /* ChoosePlantPage.swift in Sources */,
				B88E47E0272FE12800BDE109 /* CircularProgressBar.swift in Sources */,
			);
			runOnlyForDeploymentPostprocessing = 0;
		};
/* End PBXSourcesBuildPhase section */

/* Begin XCBuildConfiguration section */
		B8BC16482726CA0300F5538E /* Debug */ = {
			isa = XCBuildConfiguration;
			buildSettings = {
				ALWAYS_SEARCH_USER_PATHS = NO;
				CLANG_ANALYZER_NONNULL = YES;
				CLANG_ANALYZER_NUMBER_OBJECT_CONVERSION = YES_AGGRESSIVE;
				CLANG_CXX_LANGUAGE_STANDARD = "gnu++17";
				CLANG_CXX_LIBRARY = "libc++";
				CLANG_ENABLE_MODULES = YES;
				CLANG_ENABLE_OBJC_ARC = YES;
				CLANG_ENABLE_OBJC_WEAK = YES;
				CLANG_WARN_BLOCK_CAPTURE_AUTORELEASING = YES;
				CLANG_WARN_BOOL_CONVERSION = YES;
				CLANG_WARN_COMMA = YES;
				CLANG_WARN_CONSTANT_CONVERSION = YES;
				CLANG_WARN_DEPRECATED_OBJC_IMPLEMENTATIONS = YES;
				CLANG_WARN_DIRECT_OBJC_ISA_USAGE = YES_ERROR;
				CLANG_WARN_DOCUMENTATION_COMMENTS = YES;
				CLANG_WARN_EMPTY_BODY = YES;
				CLANG_WARN_ENUM_CONVERSION = YES;
				CLANG_WARN_INFINITE_RECURSION = YES;
				CLANG_WARN_INT_CONVERSION = YES;
				CLANG_WARN_NON_LITERAL_NULL_CONVERSION = YES;
				CLANG_WARN_OBJC_IMPLICIT_RETAIN_SELF = YES;
				CLANG_WARN_OBJC_LITERAL_CONVERSION = YES;
				CLANG_WARN_OBJC_ROOT_CLASS = YES_ERROR;
				CLANG_WARN_QUOTED_INCLUDE_IN_FRAMEWORK_HEADER = YES;
				CLANG_WARN_RANGE_LOOP_ANALYSIS = YES;
				CLANG_WARN_STRICT_PROTOTYPES = YES;
				CLANG_WARN_SUSPICIOUS_MOVE = YES;
				CLANG_WARN_UNGUARDED_AVAILABILITY = YES_AGGRESSIVE;
				CLANG_WARN_UNREACHABLE_CODE = YES;
				CLANG_WARN__DUPLICATE_METHOD_MATCH = YES;
				COPY_PHASE_STRIP = NO;
				DEBUG_INFORMATION_FORMAT = dwarf;
				ENABLE_STRICT_OBJC_MSGSEND = YES;
				ENABLE_TESTABILITY = YES;
				GCC_C_LANGUAGE_STANDARD = gnu11;
				GCC_DYNAMIC_NO_PIC = NO;
				GCC_NO_COMMON_BLOCKS = YES;
				GCC_OPTIMIZATION_LEVEL = 0;
				GCC_PREPROCESSOR_DEFINITIONS = (
					"DEBUG=1",
					"$(inherited)",
				);
				GCC_WARN_64_TO_32_BIT_CONVERSION = YES;
				GCC_WARN_ABOUT_RETURN_TYPE = YES_ERROR;
				GCC_WARN_UNDECLARED_SELECTOR = YES;
				GCC_WARN_UNINITIALIZED_AUTOS = YES_AGGRESSIVE;
				GCC_WARN_UNUSED_FUNCTION = YES;
				GCC_WARN_UNUSED_VARIABLE = YES;
				IPHONEOS_DEPLOYMENT_TARGET = 15.0;
				MTL_ENABLE_DEBUG_INFO = INCLUDE_SOURCE;
				MTL_FAST_MATH = YES;
				ONLY_ACTIVE_ARCH = YES;
				SDKROOT = iphoneos;
				SWIFT_ACTIVE_COMPILATION_CONDITIONS = DEBUG;
				SWIFT_OPTIMIZATION_LEVEL = "-Onone";
			};
			name = Debug;
		};
		B8BC16492726CA0300F5538E /* Release */ = {
			isa = XCBuildConfiguration;
			buildSettings = {
				ALWAYS_SEARCH_USER_PATHS = NO;
				CLANG_ANALYZER_NONNULL = YES;
				CLANG_ANALYZER_NUMBER_OBJECT_CONVERSION = YES_AGGRESSIVE;
				CLANG_CXX_LANGUAGE_STANDARD = "gnu++17";
				CLANG_CXX_LIBRARY = "libc++";
				CLANG_ENABLE_MODULES = YES;
				CLANG_ENABLE_OBJC_ARC = YES;
				CLANG_ENABLE_OBJC_WEAK = YES;
				CLANG_WARN_BLOCK_CAPTURE_AUTORELEASING = YES;
				CLANG_WARN_BOOL_CONVERSION = YES;
				CLANG_WARN_COMMA = YES;
				CLANG_WARN_CONSTANT_CONVERSION = YES;
				CLANG_WARN_DEPRECATED_OBJC_IMPLEMENTATIONS = YES;
				CLANG_WARN_DIRECT_OBJC_ISA_USAGE = YES_ERROR;
				CLANG_WARN_DOCUMENTATION_COMMENTS = YES;
				CLANG_WARN_EMPTY_BODY = YES;
				CLANG_WARN_ENUM_CONVERSION = YES;
				CLANG_WARN_INFINITE_RECURSION = YES;
				CLANG_WARN_INT_CONVERSION = YES;
				CLANG_WARN_NON_LITERAL_NULL_CONVERSION = YES;
				CLANG_WARN_OBJC_IMPLICIT_RETAIN_SELF = YES;
				CLANG_WARN_OBJC_LITERAL_CONVERSION = YES;
				CLANG_WARN_OBJC_ROOT_CLASS = YES_ERROR;
				CLANG_WARN_QUOTED_INCLUDE_IN_FRAMEWORK_HEADER = YES;
				CLANG_WARN_RANGE_LOOP_ANALYSIS = YES;
				CLANG_WARN_STRICT_PROTOTYPES = YES;
				CLANG_WARN_SUSPICIOUS_MOVE = YES;
				CLANG_WARN_UNGUARDED_AVAILABILITY = YES_AGGRESSIVE;
				CLANG_WARN_UNREACHABLE_CODE = YES;
				CLANG_WARN__DUPLICATE_METHOD_MATCH = YES;
				COPY_PHASE_STRIP = NO;
				DEBUG_INFORMATION_FORMAT = "dwarf-with-dsym";
				ENABLE_NS_ASSERTIONS = NO;
				ENABLE_STRICT_OBJC_MSGSEND = YES;
				GCC_C_LANGUAGE_STANDARD = gnu11;
				GCC_NO_COMMON_BLOCKS = YES;
				GCC_WARN_64_TO_32_BIT_CONVERSION = YES;
				GCC_WARN_ABOUT_RETURN_TYPE = YES_ERROR;
				GCC_WARN_UNDECLARED_SELECTOR = YES;
				GCC_WARN_UNINITIALIZED_AUTOS = YES_AGGRESSIVE;
				GCC_WARN_UNUSED_FUNCTION = YES;
				GCC_WARN_UNUSED_VARIABLE = YES;
				IPHONEOS_DEPLOYMENT_TARGET = 15.0;
				MTL_ENABLE_DEBUG_INFO = NO;
				MTL_FAST_MATH = YES;
				SDKROOT = iphoneos;
				SWIFT_COMPILATION_MODE = wholemodule;
				SWIFT_OPTIMIZATION_LEVEL = "-O";
				VALIDATE_PRODUCT = YES;
			};
			name = Release;
		};
		B8BC164B2726CA0300F5538E /* Debug */ = {
			isa = XCBuildConfiguration;
			baseConfigurationReference = 7608FF8B7C7CA4A8FCB59806 /* Pods-macro.debug.xcconfig */;
			buildSettings = {
				ASSETCATALOG_COMPILER_APPICON_NAME = AppIcon;
				ASSETCATALOG_COMPILER_GLOBAL_ACCENT_COLOR_NAME = AccentColor;
				CODE_SIGN_STYLE = Automatic;
				CURRENT_PROJECT_VERSION = 1;
				DEVELOPMENT_ASSET_PATHS = "\"macro/Preview Content\"";
				DEVELOPMENT_TEAM = D2R8L25XGM;
				ENABLE_PREVIEWS = YES;
				GENERATE_INFOPLIST_FILE = YES;
				INFOPLIST_FILE = macro/Info.plist;
				INFOPLIST_KEY_UIApplicationSceneManifest_Generation = YES;
				INFOPLIST_KEY_UIApplicationSupportsIndirectInputEvents = YES;
				INFOPLIST_KEY_UILaunchScreen_Generation = YES;
				INFOPLIST_KEY_UISupportedInterfaceOrientations_iPad = "UIInterfaceOrientationPortrait UIInterfaceOrientationPortraitUpsideDown UIInterfaceOrientationLandscapeLeft UIInterfaceOrientationLandscapeRight";
				INFOPLIST_KEY_UISupportedInterfaceOrientations_iPhone = "UIInterfaceOrientationPortrait UIInterfaceOrientationLandscapeLeft UIInterfaceOrientationLandscapeRight";
				IPHONEOS_DEPLOYMENT_TARGET = 15.0;
				LD_RUNPATH_SEARCH_PATHS = (
					"$(inherited)",
					"@executable_path/Frameworks",
				);
				MARKETING_VERSION = 1.0;
				PRODUCT_BUNDLE_IDENTIFIER = Com.lacoste.macro;
				PRODUCT_NAME = "$(TARGET_NAME)";
				SWIFT_EMIT_LOC_STRINGS = YES;
				SWIFT_VERSION = 5.0;
				TARGETED_DEVICE_FAMILY = "1,2";
			};
			name = Debug;
		};
		B8BC164C2726CA0300F5538E /* Release */ = {
			isa = XCBuildConfiguration;
			baseConfigurationReference = F54A49890DBB313CD2872325 /* Pods-macro.release.xcconfig */;
			buildSettings = {
				ASSETCATALOG_COMPILER_APPICON_NAME = AppIcon;
				ASSETCATALOG_COMPILER_GLOBAL_ACCENT_COLOR_NAME = AccentColor;
				CODE_SIGN_STYLE = Automatic;
				CURRENT_PROJECT_VERSION = 1;
				DEVELOPMENT_ASSET_PATHS = "\"macro/Preview Content\"";
				DEVELOPMENT_TEAM = D2R8L25XGM;
				ENABLE_PREVIEWS = YES;
				GENERATE_INFOPLIST_FILE = YES;
				INFOPLIST_FILE = macro/Info.plist;
				INFOPLIST_KEY_UIApplicationSceneManifest_Generation = YES;
				INFOPLIST_KEY_UIApplicationSupportsIndirectInputEvents = YES;
				INFOPLIST_KEY_UILaunchScreen_Generation = YES;
				INFOPLIST_KEY_UISupportedInterfaceOrientations_iPad = "UIInterfaceOrientationPortrait UIInterfaceOrientationPortraitUpsideDown UIInterfaceOrientationLandscapeLeft UIInterfaceOrientationLandscapeRight";
				INFOPLIST_KEY_UISupportedInterfaceOrientations_iPhone = "UIInterfaceOrientationPortrait UIInterfaceOrientationLandscapeLeft UIInterfaceOrientationLandscapeRight";
				IPHONEOS_DEPLOYMENT_TARGET = 15.0;
				LD_RUNPATH_SEARCH_PATHS = (
					"$(inherited)",
					"@executable_path/Frameworks",
				);
				MARKETING_VERSION = 1.0;
				PRODUCT_BUNDLE_IDENTIFIER = Com.lacoste.macro;
				PRODUCT_NAME = "$(TARGET_NAME)";
				SWIFT_EMIT_LOC_STRINGS = YES;
				SWIFT_VERSION = 5.0;
				TARGETED_DEVICE_FAMILY = "1,2";
			};
			name = Release;
		};
/* End XCBuildConfiguration section */

/* Begin XCConfigurationList section */
		B8BC16322726CA0200F5538E /* Build configuration list for PBXProject "macro" */ = {
			isa = XCConfigurationList;
			buildConfigurations = (
				B8BC16482726CA0300F5538E /* Debug */,
				B8BC16492726CA0300F5538E /* Release */,
			);
			defaultConfigurationIsVisible = 0;
			defaultConfigurationName = Release;
		};
		B8BC164A2726CA0300F5538E /* Build configuration list for PBXNativeTarget "macro" */ = {
			isa = XCConfigurationList;
			buildConfigurations = (
				B8BC164B2726CA0300F5538E /* Debug */,
				B8BC164C2726CA0300F5538E /* Release */,
			);
			defaultConfigurationIsVisible = 0;
			defaultConfigurationName = Release;
		};
/* End XCConfigurationList section */

/* Begin XCVersionGroup section */
		B8BC16452726CA0300F5538E /* macro.xcdatamodeld */ = {
			isa = XCVersionGroup;
			children = (
				B8BC16462726CA0300F5538E /* macro.xcdatamodel */,
			);
			currentVersion = B8BC16462726CA0300F5538E /* macro.xcdatamodel */;
			path = macro.xcdatamodeld;
			sourceTree = "<group>";
			versionGroupType = wrapper.xcdatamodel;
		};
/* End XCVersionGroup section */
	};
	rootObject = B8BC162F2726CA0200F5538E /* Project object */;
}
